// !$*UTF8*$!
{
	archiveVersion = 1;
	classes = {
	};
	objectVersion = 46;
	objects = {

/* Begin PBXBuildFile section */
		C2BC41931D463DB800226757 /* main.m in Sources */ = {isa = PBXBuildFile; fileRef = C2BC41921D463DB800226757 /* main.m */; };
		C2BC41961D463DB800226757 /* AppDelegate.m in Sources */ = {isa = PBXBuildFile; fileRef = C2BC41951D463DB800226757 /* AppDelegate.m */; };
		C2BC419C1D463DB800226757 /* Main.storyboard in Resources */ = {isa = PBXBuildFile; fileRef = C2BC419A1D463DB800226757 /* Main.storyboard */; };
		C2BC419E1D463DB800226757 /* Assets.xcassets in Resources */ = {isa = PBXBuildFile; fileRef = C2BC419D1D463DB800226757 /* Assets.xcassets */; };
		C2BC41A11D463DB800226757 /* LaunchScreen.storyboard in Resources */ = {isa = PBXBuildFile; fileRef = C2BC419F1D463DB800226757 /* LaunchScreen.storyboard */; };
		C2BC41AC1D463DB800226757 /* FFCalendarTests.m in Sources */ = {isa = PBXBuildFile; fileRef = C2BC41AB1D463DB800226757 /* FFCalendarTests.m */; };
		C2BC41B91D463F8300226757 /* FFCalendarView.m in Sources */ = {isa = PBXBuildFile; fileRef = C2BC41B81D463F8300226757 /* FFCalendarView.m */; };
		C2BC41BC1D46425500226757 /* MainViewController.m in Sources */ = {isa = PBXBuildFile; fileRef = C2BC41BB1D46425500226757 /* MainViewController.m */; };
		C2BC41C01D46432400226757 /* SimpleCalendarSelectViewController.m in Sources */ = {isa = PBXBuildFile; fileRef = C2BC41BF1D46432400226757 /* SimpleCalendarSelectViewController.m */; };
		C2BC41C41D464AAA00226757 /* FFCalendarDate.m in Sources */ = {isa = PBXBuildFile; fileRef = C2BC41C31D464AAA00226757 /* FFCalendarDate.m */; };
		C2BC41C61D46540600226757 /* FFCalendarDateTests.m in Sources */ = {isa = PBXBuildFile; fileRef = C2BC41C51D46540600226757 /* FFCalendarDateTests.m */; };
/* End PBXBuildFile section */

/* Begin PBXContainerItemProxy section */
		C2BC41A81D463DB800226757 /* PBXContainerItemProxy */ = {
			isa = PBXContainerItemProxy;
			containerPortal = C2BC41861D463DB800226757 /* Project object */;
			proxyType = 1;
			remoteGlobalIDString = C2BC418D1D463DB800226757;
			remoteInfo = FFCalendar;
		};
/* End PBXContainerItemProxy section */

/* Begin PBXFileReference section */
		C2BC418E1D463DB800226757 /* FFCalendar.app */ = {isa = PBXFileReference; explicitFileType = wrapper.application; includeInIndex = 0; path = FFCalendar.app; sourceTree = BUILT_PRODUCTS_DIR; };
		C2BC41921D463DB800226757 /* main.m */ = {isa = PBXFileReference; lastKnownFileType = sourcecode.c.objc; path = main.m; sourceTree = "<group>"; };
		C2BC41941D463DB800226757 /* AppDelegate.h */ = {isa = PBXFileReference; lastKnownFileType = sourcecode.c.h; path = AppDelegate.h; sourceTree = "<group>"; };
		C2BC41951D463DB800226757 /* AppDelegate.m */ = {isa = PBXFileReference; lastKnownFileType = sourcecode.c.objc; path = AppDelegate.m; sourceTree = "<group>"; };
		C2BC419B1D463DB800226757 /* Base */ = {isa = PBXFileReference; lastKnownFileType = file.storyboard; name = Base; path = Base.lproj/Main.storyboard; sourceTree = "<group>"; };
		C2BC419D1D463DB800226757 /* Assets.xcassets */ = {isa = PBXFileReference; lastKnownFileType = folder.assetcatalog; path = Assets.xcassets; sourceTree = "<group>"; };
		C2BC41A01D463DB800226757 /* Base */ = {isa = PBXFileReference; lastKnownFileType = file.storyboard; name = Base; path = Base.lproj/LaunchScreen.storyboard; sourceTree = "<group>"; };
		C2BC41A21D463DB800226757 /* Info.plist */ = {isa = PBXFileReference; lastKnownFileType = text.plist.xml; path = Info.plist; sourceTree = "<group>"; };
		C2BC41A71D463DB800226757 /* FFCalendarTests.xctest */ = {isa = PBXFileReference; explicitFileType = wrapper.cfbundle; includeInIndex = 0; path = FFCalendarTests.xctest; sourceTree = BUILT_PRODUCTS_DIR; };
		C2BC41AB1D463DB800226757 /* FFCalendarTests.m */ = {isa = PBXFileReference; lastKnownFileType = sourcecode.c.objc; path = FFCalendarTests.m; sourceTree = "<group>"; };
		C2BC41AD1D463DB800226757 /* Info.plist */ = {isa = PBXFileReference; lastKnownFileType = text.plist.xml; path = Info.plist; sourceTree = "<group>"; };
		C2BC41B71D463F8300226757 /* FFCalendarView.h */ = {isa = PBXFileReference; fileEncoding = 4; lastKnownFileType = sourcecode.c.h; path = FFCalendarView.h; sourceTree = "<group>"; };
		C2BC41B81D463F8300226757 /* FFCalendarView.m */ = {isa = PBXFileReference; fileEncoding = 4; lastKnownFileType = sourcecode.c.objc; path = FFCalendarView.m; sourceTree = "<group>"; };
		C2BC41BA1D46425500226757 /* MainViewController.h */ = {isa = PBXFileReference; fileEncoding = 4; lastKnownFileType = sourcecode.c.h; path = MainViewController.h; sourceTree = "<group>"; };
		C2BC41BB1D46425500226757 /* MainViewController.m */ = {isa = PBXFileReference; fileEncoding = 4; lastKnownFileType = sourcecode.c.objc; path = MainViewController.m; sourceTree = "<group>"; };
		C2BC41BE1D46432400226757 /* SimpleCalendarSelectViewController.h */ = {isa = PBXFileReference; fileEncoding = 4; lastKnownFileType = sourcecode.c.h; path = SimpleCalendarSelectViewController.h; sourceTree = "<group>"; };
		C2BC41BF1D46432400226757 /* SimpleCalendarSelectViewController.m */ = {isa = PBXFileReference; fileEncoding = 4; lastKnownFileType = sourcecode.c.objc; path = SimpleCalendarSelectViewController.m; sourceTree = "<group>"; };
		C2BC41C21D464AAA00226757 /* FFCalendarDate.h */ = {isa = PBXFileReference; fileEncoding = 4; lastKnownFileType = sourcecode.c.h; path = FFCalendarDate.h; sourceTree = "<group>"; };
		C2BC41C31D464AAA00226757 /* FFCalendarDate.m */ = {isa = PBXFileReference; fileEncoding = 4; lastKnownFileType = sourcecode.c.objc; path = FFCalendarDate.m; sourceTree = "<group>"; };
		C2BC41C51D46540600226757 /* FFCalendarDateTests.m */ = {isa = PBXFileReference; fileEncoding = 4; lastKnownFileType = sourcecode.c.objc; path = FFCalendarDateTests.m; sourceTree = "<group>"; };
/* End PBXFileReference section */

/* Begin PBXFrameworksBuildPhase section */
		C2BC418B1D463DB800226757 /* Frameworks */ = {
			isa = PBXFrameworksBuildPhase;
			buildActionMask = 2147483647;
			files = (
			);
			runOnlyForDeploymentPostprocessing = 0;
		};
		C2BC41A41D463DB800226757 /* Frameworks */ = {
			isa = PBXFrameworksBuildPhase;
			buildActionMask = 2147483647;
			files = (
			);
			runOnlyForDeploymentPostprocessing = 0;
		};
/* End PBXFrameworksBuildPhase section */

/* Begin PBXGroup section */
		C2BC41851D463DB800226757 = {
			isa = PBXGroup;
			children = (
				C2BC41901D463DB800226757 /* FFCalendar */,
				C2BC41AA1D463DB800226757 /* FFCalendarTests */,
				C2BC418F1D463DB800226757 /* Products */,
			);
			sourceTree = "<group>";
		};
		C2BC418F1D463DB800226757 /* Products */ = {
			isa = PBXGroup;
			children = (
				C2BC418E1D463DB800226757 /* FFCalendar.app */,
				C2BC41A71D463DB800226757 /* FFCalendarTests.xctest */,
			);
			name = Products;
			sourceTree = "<group>";
		};
		C2BC41901D463DB800226757 /* FFCalendar */ = {
			isa = PBXGroup;
			children = (
				C2BC41BD1D46430A00226757 /* Examples */,
				C2BC41B61D463DEA00226757 /* FFCalendarView */,
				C2BC41941D463DB800226757 /* AppDelegate.h */,
				C2BC41951D463DB800226757 /* AppDelegate.m */,
				C2BC41BA1D46425500226757 /* MainViewController.h */,
				C2BC41BB1D46425500226757 /* MainViewController.m */,
				C2BC419A1D463DB800226757 /* Main.storyboard */,
				C2BC419D1D463DB800226757 /* Assets.xcassets */,
				C2BC419F1D463DB800226757 /* LaunchScreen.storyboard */,
				C2BC41A21D463DB800226757 /* Info.plist */,
				C2BC41911D463DB800226757 /* Supporting Files */,
			);
			path = FFCalendar;
			sourceTree = "<group>";
		};
		C2BC41911D463DB800226757 /* Supporting Files */ = {
			isa = PBXGroup;
			children = (
				C2BC41921D463DB800226757 /* main.m */,
			);
			name = "Supporting Files";
			sourceTree = "<group>";
		};
		C2BC41AA1D463DB800226757 /* FFCalendarTests */ = {
			isa = PBXGroup;
			children = (
				C2BC41AB1D463DB800226757 /* FFCalendarTests.m */,
				C2BC41C51D46540600226757 /* FFCalendarDateTests.m */,
				C2BC41AD1D463DB800226757 /* Info.plist */,
			);
			path = FFCalendarTests;
			sourceTree = "<group>";
		};
		C2BC41B61D463DEA00226757 /* FFCalendarView */ = {
			isa = PBXGroup;
			children = (
				C2BC41C11D464A8300226757 /* Model */,
				C2BC41B71D463F8300226757 /* FFCalendarView.h */,
				C2BC41B81D463F8300226757 /* FFCalendarView.m */,
			);
			path = FFCalendarView;
			sourceTree = SOURCE_ROOT;
		};
		C2BC41BD1D46430A00226757 /* Examples */ = {
			isa = PBXGroup;
			children = (
				C2BC41BE1D46432400226757 /* SimpleCalendarSelectViewController.h */,
				C2BC41BF1D46432400226757 /* SimpleCalendarSelectViewController.m */,
			);
			path = Examples;
			sourceTree = "<group>";
		};
		C2BC41C11D464A8300226757 /* Model */ = {
			isa = PBXGroup;
			children = (
				C2BC41C21D464AAA00226757 /* FFCalendarDate.h */,
				C2BC41C31D464AAA00226757 /* FFCalendarDate.m */,
			);
			path = Model;
			sourceTree = "<group>";
		};
/* End PBXGroup section */

/* Begin PBXNativeTarget section */
		C2BC418D1D463DB800226757 /* FFCalendar */ = {
			isa = PBXNativeTarget;
			buildConfigurationList = C2BC41B01D463DB800226757 /* Build configuration list for PBXNativeTarget "FFCalendar" */;
			buildPhases = (
				C2BC418A1D463DB800226757 /* Sources */,
				C2BC418B1D463DB800226757 /* Frameworks */,
				C2BC418C1D463DB800226757 /* Resources */,
			);
			buildRules = (
			);
			dependencies = (
			);
			name = FFCalendar;
			productName = FFCalendar;
			productReference = C2BC418E1D463DB800226757 /* FFCalendar.app */;
			productType = "com.apple.product-type.application";
		};
		C2BC41A61D463DB800226757 /* FFCalendarTests */ = {
			isa = PBXNativeTarget;
			buildConfigurationList = C2BC41B31D463DB800226757 /* Build configuration list for PBXNativeTarget "FFCalendarTests" */;
			buildPhases = (
				C2BC41A31D463DB800226757 /* Sources */,
				C2BC41A41D463DB800226757 /* Frameworks */,
				C2BC41A51D463DB800226757 /* Resources */,
			);
			buildRules = (
			);
			dependencies = (
				C2BC41A91D463DB800226757 /* PBXTargetDependency */,
			);
			name = FFCalendarTests;
			productName = FFCalendarTests;
			productReference = C2BC41A71D463DB800226757 /* FFCalendarTests.xctest */;
			productType = "com.apple.product-type.bundle.unit-test";
		};
/* End PBXNativeTarget section */

/* Begin PBXProject section */
		C2BC41861D463DB800226757 /* Project object */ = {
			isa = PBXProject;
			attributes = {
				CLASSPREFIX = FFCalendar;
				LastUpgradeCheck = 0730;
				ORGANIZATIONNAME = joyios;
				TargetAttributes = {
					C2BC418D1D463DB800226757 = {
						CreatedOnToolsVersion = 7.3.1;
					};
					C2BC41A61D463DB800226757 = {
						CreatedOnToolsVersion = 7.3.1;
						TestTargetID = C2BC418D1D463DB800226757;
					};
				};
			};
			buildConfigurationList = C2BC41891D463DB800226757 /* Build configuration list for PBXProject "FFCalendar" */;
			compatibilityVersion = "Xcode 3.2";
			developmentRegion = English;
			hasScannedForEncodings = 0;
			knownRegions = (
				en,
				Base,
			);
			mainGroup = C2BC41851D463DB800226757;
			productRefGroup = C2BC418F1D463DB800226757 /* Products */;
			projectDirPath = "";
			projectRoot = "";
			targets = (
				C2BC418D1D463DB800226757 /* FFCalendar */,
				C2BC41A61D463DB800226757 /* FFCalendarTests */,
			);
		};
/* End PBXProject section */

/* Begin PBXResourcesBuildPhase section */
		C2BC418C1D463DB800226757 /* Resources */ = {
			isa = PBXResourcesBuildPhase;
			buildActionMask = 2147483647;
			files = (
				C2BC41A11D463DB800226757 /* LaunchScreen.storyboard in Resources */,
				C2BC419E1D463DB800226757 /* Assets.xcassets in Resources */,
				C2BC419C1D463DB800226757 /* Main.storyboard in Resources */,
			);
			runOnlyForDeploymentPostprocessing = 0;
		};
		C2BC41A51D463DB800226757 /* Resources */ = {
			isa = PBXResourcesBuildPhase;
			buildActionMask = 2147483647;
			files = (
			);
			runOnlyForDeploymentPostprocessing = 0;
		};
/* End PBXResourcesBuildPhase section */

/* Begin PBXSourcesBuildPhase section */
		C2BC418A1D463DB800226757 /* Sources */ = {
			isa = PBXSourcesBuildPhase;
			buildActionMask = 2147483647;
			files = (
				C2BC41B91D463F8300226757 /* FFCalendarView.m in Sources */,
				C2BC41C41D464AAA00226757 /* FFCalendarDate.m in Sources */,
				C2BC41C01D46432400226757 /* SimpleCalendarSelectViewController.m in Sources */,
				C2BC41961D463DB800226757 /* AppDelegate.m in Sources */,
				C2BC41931D463DB800226757 /* main.m in Sources */,
				C2BC41BC1D46425500226757 /* MainViewController.m in Sources */,
			);
			runOnlyForDeploymentPostprocessing = 0;
		};
		C2BC41A31D463DB800226757 /* Sources */ = {
			isa = PBXSourcesBuildPhase;
			buildActionMask = 2147483647;
			files = (
				C2BC41AC1D463DB800226757 /* FFCalendarTests.m in Sources */,
				C2BC41C61D46540600226757 /* FFCalendarDateTests.m in Sources */,
			);
			runOnlyForDeploymentPostprocessing = 0;
		};
/* End PBXSourcesBuildPhase section */

/* Begin PBXTargetDependency section */
		C2BC41A91D463DB800226757 /* PBXTargetDependency */ = {
			isa = PBXTargetDependency;
			target = C2BC418D1D463DB800226757 /* FFCalendar */;
			targetProxy = C2BC41A81D463DB800226757 /* PBXContainerItemProxy */;
		};
/* End PBXTargetDependency section */

/* Begin PBXVariantGroup section */
		C2BC419A1D463DB800226757 /* Main.storyboard */ = {
			isa = PBXVariantGroup;
			children = (
				C2BC419B1D463DB800226757 /* Base */,
			);
			name = Main.storyboard;
			sourceTree = "<group>";
		};
		C2BC419F1D463DB800226757 /* LaunchScreen.storyboard */ = {
			isa = PBXVariantGroup;
			children = (
				C2BC41A01D463DB800226757 /* Base */,
			);
			name = LaunchScreen.storyboard;
			sourceTree = "<group>";
		};
/* End PBXVariantGroup section */

/* Begin XCBuildConfiguration section */
		C2BC41AE1D463DB800226757 /* Debug */ = {
			isa = XCBuildConfiguration;
			buildSettings = {
				ALWAYS_SEARCH_USER_PATHS = NO;
				CLANG_ANALYZER_NONNULL = YES;
				CLANG_CXX_LANGUAGE_STANDARD = "gnu++0x";
				CLANG_CXX_LIBRARY = "libc++";
				CLANG_ENABLE_MODULES = YES;
				CLANG_ENABLE_OBJC_ARC = YES;
				CLANG_WARN_BOOL_CONVERSION = YES;
				CLANG_WARN_CONSTANT_CONVERSION = YES;
				CLANG_WARN_DIRECT_OBJC_ISA_USAGE = YES_ERROR;
				CLANG_WARN_EMPTY_BODY = YES;
				CLANG_WARN_ENUM_CONVERSION = YES;
				CLANG_WARN_INT_CONVERSION = YES;
				CLANG_WARN_OBJC_ROOT_CLASS = YES_ERROR;
				CLANG_WARN_UNREACHABLE_CODE = YES;
				CLANG_WARN__DUPLICATE_METHOD_MATCH = YES;
				"CODE_SIGN_IDENTITY[sdk=iphoneos*]" = "iPhone Developer";
				COPY_PHASE_STRIP = NO;
				DEBUG_INFORMATION_FORMAT = dwarf;
				ENABLE_STRICT_OBJC_MSGSEND = YES;
				ENABLE_TESTABILITY = YES;
				GCC_C_LANGUAGE_STANDARD = gnu99;
				GCC_DYNAMIC_NO_PIC = NO;
				GCC_NO_COMMON_BLOCKS = YES;
				GCC_OPTIMIZATION_LEVEL = 0;
				GCC_PREPROCESSOR_DEFINITIONS = (
					"DEBUG=1",
					"$(inherited)",
				);
				GCC_WARN_64_TO_32_BIT_CONVERSION = YES;
				GCC_WARN_ABOUT_RETURN_TYPE = YES_ERROR;
				GCC_WARN_UNDECLARED_SELECTOR = YES;
				GCC_WARN_UNINITIALIZED_AUTOS = YES_AGGRESSIVE;
				GCC_WARN_UNUSED_FUNCTION = YES;
				GCC_WARN_UNUSED_VARIABLE = YES;
				IPHONEOS_DEPLOYMENT_TARGET = 9.3;
				MTL_ENABLE_DEBUG_INFO = YES;
				ONLY_ACTIVE_ARCH = YES;
				SDKROOT = iphoneos;
			};
			name = Debug;
		};
		C2BC41AF1D463DB800226757 /* Release */ = {
			isa = XCBuildConfiguration;
			buildSettings = {
				ALWAYS_SEARCH_USER_PATHS = NO;
				CLANG_ANALYZER_NONNULL = YES;
				CLANG_CXX_LANGUAGE_STANDARD = "gnu++0x";
				CLANG_CXX_LIBRARY = "libc++";
				CLANG_ENABLE_MODULES = YES;
				CLANG_ENABLE_OBJC_ARC = YES;
				CLANG_WARN_BOOL_CONVERSION = YES;
				CLANG_WARN_CONSTANT_CONVERSION = YES;
				CLANG_WARN_DIRECT_OBJC_ISA_USAGE = YES_ERROR;
				CLANG_WARN_EMPTY_BODY = YES;
				CLANG_WARN_ENUM_CONVERSION = YES;
				CLANG_WARN_INT_CONVERSION = YES;
				CLANG_WARN_OBJC_ROOT_CLASS = YES_ERROR;
				CLANG_WARN_UNREACHABLE_CODE = YES;
				CLANG_WARN__DUPLICATE_METHOD_MATCH = YES;
				"CODE_SIGN_IDENTITY[sdk=iphoneos*]" = "iPhone Developer";
				COPY_PHASE_STRIP = NO;
				DEBUG_INFORMATION_FORMAT = "dwarf-with-dsym";
				ENABLE_NS_ASSERTIONS = NO;
				ENABLE_STRICT_OBJC_MSGSEND = YES;
				GCC_C_LANGUAGE_STANDARD = gnu99;
				GCC_NO_COMMON_BLOCKS = YES;
				GCC_WARN_64_TO_32_BIT_CONVERSION = YES;
				GCC_WARN_ABOUT_RETURN_TYPE = YES_ERROR;
				GCC_WARN_UNDECLARED_SELECTOR = YES;
				GCC_WARN_UNINITIALIZED_AUTOS = YES_AGGRESSIVE;
				GCC_WARN_UNUSED_FUNCTION = YES;
				GCC_WARN_UNUSED_VARIABLE = YES;
				IPHONEOS_DEPLOYMENT_TARGET = 9.3;
				MTL_ENABLE_DEBUG_INFO = NO;
				SDKROOT = iphoneos;
				VALIDATE_PRODUCT = YES;
			};
			name = Release;
		};
		C2BC41B11D463DB800226757 /* Debug */ = {
			isa = XCBuildConfiguration;
			buildSettings = {
				ASSETCATALOG_COMPILER_APPICON_NAME = AppIcon;
				INFOPLIST_FILE = FFCalendar/Info.plist;
				IPHONEOS_DEPLOYMENT_TARGET = 8.0;
				LD_RUNPATH_SEARCH_PATHS = "$(inherited) @executable_path/Frameworks";
				PRODUCT_BUNDLE_IDENTIFIER = com.joyios.FFCalendar;
				PRODUCT_NAME = "$(TARGET_NAME)";
			};
			name = Debug;
		};
		C2BC41B21D463DB800226757 /* Release */ = {
			isa = XCBuildConfiguration;
			buildSettings = {
				ASSETCATALOG_COMPILER_APPICON_NAME = AppIcon;
				INFOPLIST_FILE = FFCalendar/Info.plist;
				IPHONEOS_DEPLOYMENT_TARGET = 8.0;
				LD_RUNPATH_SEARCH_PATHS = "$(inherited) @executable_path/Frameworks";
				PRODUCT_BUNDLE_IDENTIFIER = com.joyios.FFCalendar;
				PRODUCT_NAME = "$(TARGET_NAME)";
			};
			name = Release;
		};
		C2BC41B41D463DB800226757 /* Debug */ = {
			isa = XCBuildConfiguration;
			buildSettings = {
				BUNDLE_LOADER = "$(TEST_HOST)";
				INFOPLIST_FILE = FFCalendarTests/Info.plist;
				LD_RUNPATH_SEARCH_PATHS = "$(inherited) @executable_path/Frameworks @loader_path/Frameworks";
				PRODUCT_BUNDLE_IDENTIFIER = com.joyios.FFCalendarTests;
				PRODUCT_NAME = "$(TARGET_NAME)";
				TEST_HOST = "$(BUILT_PRODUCTS_DIR)/FFCalendar.app/FFCalendar";
			};
			name = Debug;
		};
		C2BC41B51D463DB800226757 /* Release */ = {
			isa = XCBuildConfiguration;
			buildSettings = {
				BUNDLE_LOADER = "$(TEST_HOST)";
				INFOPLIST_FILE = FFCalendarTests/Info.plist;
				LD_RUNPATH_SEARCH_PATHS = "$(inherited) @executable_path/Frameworks @loader_path/Frameworks";
				PRODUCT_BUNDLE_IDENTIFIER = com.joyios.FFCalendarTests;
				PRODUCT_NAME = "$(TARGET_NAME)";
				TEST_HOST = "$(BUILT_PRODUCTS_DIR)/FFCalendar.app/FFCalendar";
			};
			name = Release;
		};
/* End XCBuildConfiguration section */

/* Begin XCConfigurationList section */
		C2BC41891D463DB800226757 /* Build configuration list for PBXProject "FFCalendar" */ = {
			isa = XCConfigurationList;
			buildConfigurations = (
				C2BC41AE1D463DB800226757 /* Debug */,
				C2BC41AF1D463DB800226757 /* Release */,
			);
			defaultConfigurationIsVisible = 0;
			defaultConfigurationName = Release;
		};
		C2BC41B01D463DB800226757 /* Build configuration list for PBXNativeTarget "FFCalendar" */ = {
			isa = XCConfigurationList;
			buildConfigurations = (
				C2BC41B11D463DB800226757 /* Debug */,
				C2BC41B21D463DB800226757 /* Release */,
			);
			defaultConfigurationIsVisible = 0;
		};
		C2BC41B31D463DB800226757 /* Build configuration list for PBXNativeTarget "FFCalendarTests" */ = {
			isa = XCConfigurationList;
			buildConfigurations = (
				C2BC41B41D463DB800226757 /* Debug */,
				C2BC41B51D463DB800226757 /* Release */,
			);
			defaultConfigurationIsVisible = 0;
		};
/* End XCConfigurationList section */
	};
	rootObject = C2BC41861D463DB800226757 /* Project object */;
}
